
Microsoft Visual Studio Solution File, Format Version 12.00
# Visual Studio Version 16
VisualStudioVersion = 16.0.28803.202
MinimumVisualStudioVersion = 10.0.40219.1
Project("{888888A0-9F3D-457C-B088-3A5042F75D52}") = "EDIN", "EDIN\EDIN.pyproj", "{C8631B05-3111-4C72-B7DB-E61A52C69E66}"
EndProject
Global
	GlobalSection(SolutionConfigurationPlatforms) = preSolution
		Debug|Any CPU = Debug|Any CPU
		Release|Any CPU = Release|Any CPU
	EndGlobalSection
	GlobalSection(ProjectConfigurationPlatforms) = postSolution
		{C8631B05-3111-4C72-B7DB-E61A52C69E66}.Debug|Any CPU.ActiveCfg = Debug|Any CPU
		{C8631B05-3111-4C72-B7DB-E61A52C69E66}.Release|Any CPU.ActiveCfg = Release|Any CPU
	EndGlobalSection
	GlobalSection(SolutionProperties) = preSolution
		HideSolutionNode = FALSE
	EndGlobalSection
	GlobalSection(ExtensibilityGlobals) = postSolution
		SolutionGuid = {40C5A196-F2D2-4C83-94CE-B5C6A555154E}
	EndGlobalSection
EndGlobal
